
Microsoft Visual Studio Solution File, Format Version 10.00
# Visual Studio 2008
Project("{FAE04EC0-301F-11D3-BF4B-00C04F79EFBC}") = "Mongdio", "Mongdio\Mongdio.csproj", "{0698D4B0-8004-4258-9178-F1B8BD1326DC}"
EndProject
Project("{FAE04EC0-301F-11D3-BF4B-00C04F79EFBC}") = "MongoDB.Driver", "..\..\lib\mongodb-csharp\MongoDBDriver\MongoDB.Driver.csproj", "{B125BBA6-BFFD-44FA-9254-9B1754CD8AF3}"
EndProject
Project("{FAE04EC0-301F-11D3-BF4B-00C04F79EFBC}") = "MongdioLogic", "MongdioLogic\MongdioLogic.csproj", "{4E116520-425A-4849-8A8B-F9E7D095C753}"
EndProject
Global
	GlobalSection(SolutionConfigurationPlatforms) = preSolution
		Debug|Any CPU = Debug|Any CPU
		Release|Any CPU = Release|Any CPU
	EndGlobalSection
	GlobalSection(ProjectConfigurationPlatforms) = postSolution
		{0698D4B0-8004-4258-9178-F1B8BD1326DC}.Debug|Any CPU.ActiveCfg = Debug|Any CPU
		{0698D4B0-8004-4258-9178-F1B8BD1326DC}.Debug|Any CPU.Build.0 = Debug|Any CPU
		{0698D4B0-8004-4258-9178-F1B8BD1326DC}.Release|Any CPU.ActiveCfg = Release|Any CPU
		{0698D4B0-8004-4258-9178-F1B8BD1326DC}.Release|Any CPU.Build.0 = Release|Any CPU
		{B125BBA6-BFFD-44FA-9254-9B1754CD8AF3}.Debug|Any CPU.ActiveCfg = Debug|Any CPU
		{B125BBA6-BFFD-44FA-9254-9B1754CD8AF3}.Debug|Any CPU.Build.0 = Debug|Any CPU
		{B125BBA6-BFFD-44FA-9254-9B1754CD8AF3}.Release|Any CPU.ActiveCfg = Release|Any CPU
		{B125BBA6-BFFD-44FA-9254-9B1754CD8AF3}.Release|Any CPU.Build.0 = Release|Any CPU
		{4E116520-425A-4849-8A8B-F9E7D095C753}.Debug|Any CPU.ActiveCfg = Debug|Any CPU
		{4E116520-425A-4849-8A8B-F9E7D095C753}.Debug|Any CPU.Build.0 = Debug|Any CPU
		{4E116520-425A-4849-8A8B-F9E7D095C753}.Release|Any CPU.ActiveCfg = Release|Any CPU
		{4E116520-425A-4849-8A8B-F9E7D095C753}.Release|Any CPU.Build.0 = Release|Any CPU
	EndGlobalSection
	GlobalSection(SolutionProperties) = preSolution
		HideSolutionNode = FALSE
	EndGlobalSection
EndGlobal
